{
  "name": "ping",
  "version": "1.0.0",
  "lockfileVersion": 2,
  "requires": true,
  "packages": {
    "": {
      "name": "ping",
      "version": "1.0.0"
    },
    "node_modules/@google-cloud/functions-framework": {
      "version": "3.1.2"
    },
    "node_modules/express": {
      "version": "4.18.2"
    }
  },
  "dependencies": {
    "@google-cloud/functions-framework": {
      "version": "3.1.2",
      "resolved": "",
      "integrity": ""
    },
    "express": {
      "version": "4.18.2",
      "resolved": "",
      "integrity": ""
    }
  }
}