{
  "name": "generate-thumbnail",
  "version": "1.0.0",
  "lockfileVersion": 2,
  "requires": true,
  "packages": {
    "": {
      "name": "generate-thumbnail",
      "version": "1.0.0"
    },
    "node_modules/@google-cloud/functions-framework": {
      "version": "3.1.2"
    },
    "node_modules/@google-cloud/storage": {
      "version": "6.12.0"
    },
    "node_modules/firebase-admin": {
      "version": "11.11.1"
    },
    "node_modules/jimp": {
      "version": "0.16.1"
    }
  },
  "dependencies": {
    "@google-cloud/functions-framework": {
      "version": "3.1.2",
      "resolved": "",
      "integrity": ""
    },
    "@google-cloud/storage": {
      "version": "6.12.0",
      "resolved": "",
      "integrity": ""
    },
    "firebase-admin": {
      "version": "11.11.1",
      "resolved": "",
      "integrity": ""
    },
    "jimp": {
      "version": "0.16.1",
      "resolved": "",
      "integrity": ""
    }
  }
}